# This is a Gradle generated file for dependency locking.
# Manual edits can break the build and are not advised.
# This file is expected to be part of source control.
ch.qos.logback:logback-classic:1.3.5=ktlint
ch.qos.logback:logback-core:1.3.5=ktlint
com.github.ajalt:colormath:1.2.0=testCompileClasspath,testCompileProtoPath,testRuntimeClasspath
com.github.ajalt:mordant:1.2.1=testCompileClasspath,testCompileProtoPath,testRuntimeClasspath
com.google.android:annotations:4.1.1.4=compileProtoPath,testCompileProtoPath,testRuntimeClasspath
com.google.code.findbugs:jsr305:3.0.2=compileClasspath,compileProtoPath,testCompileClasspath,testCompileProtoPath,testRuntimeClasspath
com.google.code.gson:gson:2.10.1=compileProtoPath,testCompileProtoPath,testRuntimeClasspath
com.google.errorprone:error_prone_annotations:2.23.0=compileClasspath,compileProtoPath,testCompileClasspath,testCompileProtoPath,testRuntimeClasspath
com.google.guava:failureaccess:1.0.1=compileClasspath,compileProtoPath,testCompileClasspath,testCompileProtoPath,testRuntimeClasspath
com.google.guava:guava:32.1.3-android=compileClasspath,compileProtoPath,testCompileClasspath,testCompileProtoPath,testRuntimeClasspath
com.google.guava:listenablefuture:9999.0-empty-to-avoid-conflict-with-guava=compileClasspath,compileProtoPath,testCompileClasspath,testCompileProtoPath,testRuntimeClasspath
com.google.j2objc:j2objc-annotations:2.8=compileClasspath,testCompileClasspath
com.google.protobuf:protobuf-javalite:3.25.3=compileClasspath,compileProtoPath,testCompileClasspath,testCompileProtoPath,testRuntimeClasspath
com.google.protobuf:protobuf-kotlin-lite:3.25.3=compileClasspath,compileProtoPath,testCompileClasspath,testCompileProtoPath,testRuntimeClasspath
com.google.protobuf:protoc:3.25.3=protobufToolsLocator_protoc
com.pinterest.ktlint:ktlint-cli-reporter:0.49.0=ktlint
com.pinterest.ktlint:ktlint-cli-ruleset-core:0.49.0=ktlint
com.pinterest.ktlint:ktlint-core:0.49.0=ktlint
com.pinterest.ktlint:ktlint-logger:0.49.0=ktlint
com.pinterest.ktlint:ktlint-reporter-baseline:0.49.0=ktlint
com.pinterest.ktlint:ktlint-reporter-checkstyle:0.49.0=ktlint
com.pinterest.ktlint:ktlint-reporter-format:0.49.0=ktlint
com.pinterest.ktlint:ktlint-reporter-html:0.49.0=ktlint
com.pinterest.ktlint:ktlint-reporter-json:0.49.0=ktlint
com.pinterest.ktlint:ktlint-reporter-plain-summary:0.49.0=ktlint
com.pinterest.ktlint:ktlint-reporter-plain:0.49.0=ktlint
com.pinterest.ktlint:ktlint-reporter-sarif:0.49.0=ktlint
com.pinterest.ktlint:ktlint-rule-engine-core:0.49.0=ktlint
com.pinterest.ktlint:ktlint-rule-engine:0.49.0=ktlint
com.pinterest.ktlint:ktlint-ruleset-standard:0.49.0=ktlint
com.pinterest:ktlint:0.49.0=ktlint
com.squareup.okio:okio-jvm:3.4.0=compileProtoPath,testCompileProtoPath,testRuntimeClasspath
com.squareup.okio:okio:3.4.0=compileProtoPath,testCompileProtoPath,testRuntimeClasspath
info.picocli:picocli:4.7.1=ktlint
io.github.classgraph:classgraph:4.8.172=testCompileClasspath,testCompileProtoPath,testRuntimeClasspath
io.github.detekt.sarif4k:sarif4k:0.2.0=ktlint
io.github.java-diff-utils:java-diff-utils:4.12=testCompileProtoPath,testRuntimeClasspath
io.github.microutils:kotlin-logging-jvm:3.0.5=ktlint
io.grpc:grpc-api:1.64.0=compileClasspath,compileProtoPath,testCompileClasspath,testCompileProtoPath,testRuntimeClasspath
io.grpc:grpc-context:1.64.0=compileProtoPath,testCompileProtoPath,testRuntimeClasspath
io.grpc:grpc-core:1.64.0=compileProtoPath,testCompileProtoPath,testRuntimeClasspath
io.grpc:grpc-kotlin-stub:1.4.1=compileClasspath,compileProtoPath,testCompileClasspath,testCompileProtoPath,testRuntimeClasspath
io.grpc:grpc-okhttp:1.64.0=compileClasspath,compileProtoPath,testCompileClasspath,testCompileProtoPath,testRuntimeClasspath
io.grpc:grpc-protobuf-lite:1.64.0=compileClasspath,compileProtoPath,testCompileClasspath,testCompileProtoPath,testRuntimeClasspath
io.grpc:grpc-stub:1.64.0=compileClasspath,compileProtoPath,testCompileClasspath,testCompileProtoPath,testRuntimeClasspath
io.grpc:grpc-util:1.64.0=compileProtoPath,testCompileProtoPath,testRuntimeClasspath
io.grpc:protoc-gen-grpc-java:1.64.0=protobufToolsLocator_grpc
io.grpc:protoc-gen-grpc-kotlin:1.4.1=protobufToolsLocator_grpckt
io.kotest:kotest-assertions-api-jvm:5.9.1=testCompileClasspath,testCompileProtoPath,testRuntimeClasspath
io.kotest:kotest-assertions-api:5.9.1=testCompileClasspath,testCompileProtoPath,testRuntimeClasspath
io.kotest:kotest-assertions-core-jvm:5.9.1=testCompileClasspath,testCompileProtoPath,testRuntimeClasspath
io.kotest:kotest-assertions-core:5.9.1=testCompileClasspath,testCompileProtoPath,testRuntimeClasspath
io.kotest:kotest-assertions-shared-jvm:5.9.1=testCompileClasspath,testCompileProtoPath,testRuntimeClasspath
io.kotest:kotest-assertions-shared:5.9.1=testCompileClasspath,testCompileProtoPath,testRuntimeClasspath
io.kotest:kotest-common-jvm:5.9.1=testCompileClasspath,testCompileProtoPath,testRuntimeClasspath
io.kotest:kotest-common:5.9.1=testCompileClasspath,testCompileProtoPath,testRuntimeClasspath
io.kotest:kotest-extensions-jvm:5.9.1=testCompileClasspath,testCompileProtoPath,testRuntimeClasspath
io.kotest:kotest-extensions:5.9.1=testCompileClasspath,testCompileProtoPath,testRuntimeClasspath
io.kotest:kotest-framework-api-jvm:5.9.1=testCompileClasspath,testCompileProtoPath,testRuntimeClasspath
io.kotest:kotest-framework-api:5.9.1=testCompileClasspath,testCompileProtoPath,testRuntimeClasspath
io.kotest:kotest-framework-concurrency-jvm:5.9.1=testCompileClasspath,testCompileProtoPath,testRuntimeClasspath
io.kotest:kotest-framework-concurrency:5.9.1=testCompileClasspath,testCompileProtoPath,testRuntimeClasspath
io.kotest:kotest-framework-discovery-jvm:5.9.1=testCompileClasspath,testCompileProtoPath,testRuntimeClasspath
io.kotest:kotest-framework-discovery:5.9.1=testCompileClasspath,testCompileProtoPath,testRuntimeClasspath
io.kotest:kotest-framework-engine-jvm:5.9.1=testCompileClasspath,testCompileProtoPath,testRuntimeClasspath
io.kotest:kotest-framework-engine:5.9.1=testCompileClasspath,testCompileProtoPath,testRuntimeClasspath
io.kotest:kotest-runner-junit5-jvm:5.9.1=testCompileClasspath,testCompileProtoPath,testRuntimeClasspath
io.kotest:kotest-runner-junit5:5.9.1=testCompileClasspath,testCompileProtoPath,testRuntimeClasspath
io.perfmark:perfmark-api:0.26.0=compileProtoPath,testCompileProtoPath,testRuntimeClasspath
javax.annotation:javax.annotation-api:1.3.2=compileClasspath,compileProtoPath,testCompileClasspath,testCompileProtoPath,testRuntimeClasspath
net.bytebuddy:byte-buddy-agent:1.10.9=testCompileProtoPath,testRuntimeClasspath
net.bytebuddy:byte-buddy:1.10.9=testCompileProtoPath,testRuntimeClasspath
net.java.dev.jna:jna-platform:5.9.0=testCompileProtoPath,testRuntimeClasspath
net.java.dev.jna:jna:5.6.0=ktlint
net.java.dev.jna:jna:5.9.0=testCompileProtoPath,testRuntimeClasspath
org.apiguardian:apiguardian-api:1.1.2=testCompileClasspath
org.checkerframework:checker-qual:3.37.0=compileClasspath,compileProtoPath,testCompileClasspath,testCompileProtoPath,testRuntimeClasspath
org.codehaus.mojo:animal-sniffer-annotations:1.23=compileProtoPath,testCompileProtoPath,testRuntimeClasspath
org.ec4j.core:ec4j-core:0.3.0=ktlint
org.jetbrains.intellij.deps:trove4j:1.0.20200330=kotlinBuildToolsApiClasspath,kotlinCompilerClasspath,ktlint
org.jetbrains.kotlin:kotlin-build-common:2.0.0=kotlinBuildToolsApiClasspath
org.jetbrains.kotlin:kotlin-build-tools-api:2.0.0=kotlinBuildToolsApiClasspath
org.jetbrains.kotlin:kotlin-build-tools-impl:2.0.0=kotlinBuildToolsApiClasspath
org.jetbrains.kotlin:kotlin-compiler-embeddable:1.8.20=ktlint
org.jetbrains.kotlin:kotlin-compiler-embeddable:2.0.0=kotlinBuildToolsApiClasspath,kotlinCompilerClasspath
org.jetbrains.kotlin:kotlin-compiler-runner:2.0.0=kotlinBuildToolsApiClasspath
org.jetbrains.kotlin:kotlin-daemon-client:2.0.0=kotlinBuildToolsApiClasspath
org.jetbrains.kotlin:kotlin-daemon-embeddable:1.8.20=ktlint
org.jetbrains.kotlin:kotlin-daemon-embeddable:2.0.0=kotlinBuildToolsApiClasspath,kotlinCompilerClasspath
org.jetbrains.kotlin:kotlin-reflect:1.6.10=kotlinBuildToolsApiClasspath,kotlinCompilerClasspath,ktlint
org.jetbrains.kotlin:kotlin-reflect:1.9.23=testCompileProtoPath,testRuntimeClasspath
org.jetbrains.kotlin:kotlin-script-runtime:1.8.20=ktlint
org.jetbrains.kotlin:kotlin-script-runtime:2.0.0=kotlinBuildToolsApiClasspath,kotlinCompilerClasspath,kotlinCompilerPluginClasspathMain,kotlinCompilerPluginClasspathTest
org.jetbrains.kotlin:kotlin-scripting-common:2.0.0=kotlinBuildToolsApiClasspath,kotlinCompilerPluginClasspathMain,kotlinCompilerPluginClasspathTest
org.jetbrains.kotlin:kotlin-scripting-compiler-embeddable:2.0.0=kotlinBuildToolsApiClasspath,kotlinCompilerPluginClasspathMain,kotlinCompilerPluginClasspathTest
org.jetbrains.kotlin:kotlin-scripting-compiler-impl-embeddable:2.0.0=kotlinBuildToolsApiClasspath,kotlinCompilerPluginClasspathMain,kotlinCompilerPluginClasspathTest
org.jetbrains.kotlin:kotlin-scripting-jvm:2.0.0=kotlinBuildToolsApiClasspath,kotlinCompilerPluginClasspathMain,kotlinCompilerPluginClasspathTest
org.jetbrains.kotlin:kotlin-stdlib-common:1.8.20=ktlint
org.jetbrains.kotlin:kotlin-stdlib-common:2.0.0=compileProtoPath,testCompileProtoPath,testRuntimeClasspath
org.jetbrains.kotlin:kotlin-stdlib-jdk7:1.8.0=compileProtoPath,testCompileProtoPath,testRuntimeClasspath
org.jetbrains.kotlin:kotlin-stdlib-jdk7:1.8.20=ktlint
org.jetbrains.kotlin:kotlin-stdlib-jdk8:1.8.0=compileProtoPath,testCompileProtoPath,testRuntimeClasspath
org.jetbrains.kotlin:kotlin-stdlib-jdk8:1.8.20=ktlint
org.jetbrains.kotlin:kotlin-stdlib:1.8.20=ktlint
org.jetbrains.kotlin:kotlin-stdlib:2.0.0=compileClasspath,compileProtoPath,kotlinBuildToolsApiClasspath,kotlinCompilerClasspath,kotlinCompilerPluginClasspathMain,kotlinCompilerPluginClasspathTest,testCompileClasspath,testCompileProtoPath,testRuntimeClasspath
org.jetbrains.kotlinx:kotlinx-coroutines-bom:1.8.1=compileClasspath,compileProtoPath,testCompileClasspath,testCompileProtoPath,testRuntimeClasspath
org.jetbrains.kotlinx:kotlinx-coroutines-core-jvm:1.5.0=kotlinBuildToolsApiClasspath
org.jetbrains.kotlinx:kotlinx-coroutines-core-jvm:1.8.1=compileClasspath,compileProtoPath,testCompileClasspath,testCompileProtoPath,testRuntimeClasspath
org.jetbrains.kotlinx:kotlinx-coroutines-core:1.8.1=compileClasspath,compileProtoPath,testCompileClasspath,testCompileProtoPath,testRuntimeClasspath
org.jetbrains.kotlinx:kotlinx-coroutines-debug:1.8.1=testCompileProtoPath,testRuntimeClasspath
org.jetbrains.kotlinx:kotlinx-coroutines-jdk8:1.8.1=testCompileProtoPath,testRuntimeClasspath
org.jetbrains.kotlinx:kotlinx-coroutines-test-jvm:1.8.1=testCompileClasspath,testCompileProtoPath,testRuntimeClasspath
org.jetbrains.kotlinx:kotlinx-coroutines-test:1.8.1=testCompileClasspath,testCompileProtoPath,testRuntimeClasspath
org.jetbrains.kotlinx:kotlinx-serialization-core-jvm:1.4.1=ktlint
org.jetbrains.kotlinx:kotlinx-serialization-core:1.4.1=ktlint
org.jetbrains.kotlinx:kotlinx-serialization-json-jvm:1.4.1=ktlint
org.jetbrains.kotlinx:kotlinx-serialization-json:1.4.1=ktlint
org.jetbrains:annotations:13.0=kotlinBuildToolsApiClasspath,kotlinCompilerClasspath,kotlinCompilerPluginClasspathMain,kotlinCompilerPluginClasspathTest,ktlint
org.jetbrains:annotations:23.0.0=compileClasspath,compileProtoPath,testCompileClasspath,testCompileProtoPath,testRuntimeClasspath
org.junit.jupiter:junit-jupiter-api:5.10.1=testCompileClasspath,testCompileProtoPath,testRuntimeClasspath
org.junit.jupiter:junit-jupiter-engine:5.10.1=testRuntimeClasspath
org.junit.platform:junit-platform-commons:1.10.1=testCompileClasspath,testCompileProtoPath,testRuntimeClasspath
org.junit.platform:junit-platform-engine:1.10.1=testCompileClasspath,testCompileProtoPath,testRuntimeClasspath
org.junit.platform:junit-platform-launcher:1.10.1=testCompileClasspath,testCompileProtoPath,testRuntimeClasspath
org.junit.platform:junit-platform-suite-api:1.10.1=testCompileClasspath,testCompileProtoPath,testRuntimeClasspath
org.junit:junit-bom:5.10.1=testCompileClasspath,testCompileProtoPath,testRuntimeClasspath
org.opentest4j:opentest4j:1.3.0=testCompileClasspath,testCompileProtoPath,testRuntimeClasspath
org.slf4j:slf4j-api:2.0.4=ktlint
empty=annotationProcessor,kotlinScriptDefExtensions,protobuf,testKotlinScriptDefExtensions,testProtobuf
